{
  "name": "swc-plugin-cjs2esm",
  "version": "0.1.0",
  "lockfileVersion": 2,
  "requires": true,
  "packages": {
    "": {
      "name": "swc-plugin-cjs2esm",
      "version": "0.1.0",
      "license": "MIT",
      "devDependencies": {
        "@swc/core": "^1.2.143",
        "@types/node": "^17.0.18",
        "react": "^17.0.2",
        "typescript": "^4.5.5"
      }
    },
    "node_modules/@swc/core": {
      "version": "1.2.150",
      "resolved": "https://registry.npmjs.org/@swc/core/-/core-1.2.150.tgz",
      "integrity": "sha512-z2Tu3I4jPmWpEA7FV4uhMt+3SeO9cIDvsznttA6u38hErMSfuZtWa+Oz/J4wgcoAWJEF2v841Rmqop080wbNrg==",
      "dev": true,
      "bin": {
        "swcx": "run_swcx.js"
      },
      "engines": {
        "node": ">=10"
      },
      "funding": {
        "type": "opencollective",
        "url": "https://opencollective.com/swc"
      },
      "optionalDependencies": {
        "@swc/core-android-arm-eabi": "1.2.150",
        "@swc/core-android-arm64": "1.2.150",
        "@swc/core-darwin-arm64": "1.2.150",
        "@swc/core-darwin-x64": "1.2.150",
        "@swc/core-freebsd-x64": "1.2.150",
        "@swc/core-linux-arm-gnueabihf": "1.2.150",
        "@swc/core-linux-arm64-gnu": "1.2.150",
        "@swc/core-linux-arm64-musl": "1.2.150",
        "@swc/core-linux-x64-gnu": "1.2.150",
        "@swc/core-linux-x64-musl": "1.2.150",
        "@swc/core-win32-arm64-msvc": "1.2.150",
        "@swc/core-win32-ia32-msvc": "1.2.150",
        "@swc/core-win32-x64-msvc": "1.2.150"
      }
    },
    "node_modules/@swc/core-android-arm-eabi": {
      "version": "1.2.150",
      "resolved": "https://registry.npmjs.org/@swc/core-android-arm-eabi/-/core-android-arm-eabi-1.2.150.tgz",
      "integrity": "sha512-tujdQweAs6d8YwtsdVGI7/UH7Ce/iPJLLwDhVb6M9yxgWa0HEQA1vip/wXZ9FjDfyyzeyAC9DMd3pY+5KMvVBA==",
      "cpu": [
        "arm"
      ],
      "dev": true,
      "optional": true,
      "os": [
        "android"
      ],
      "engines": {
        "node": ">=10"
      }
    },
    "node_modules/@swc/core-android-arm64": {
      "version": "1.2.150",
      "resolved": "https://registry.npmjs.org/@swc/core-android-arm64/-/core-android-arm64-1.2.150.tgz",
      "integrity": "sha512-HK7XErx2EHk1xU5tCrwJqhdPQUMBkYgRojs91IfWEUbxxDtXlb58SkeYbv1CYVnTsuL0FkryjH0shavegqfF6Q==",
      "cpu": [
        "arm64"
      ],
      "dev": true,
      "optional": true,
      "os": [
        "android"
      ],
      "engines": {
        "node": ">=10"
      }
    },
    "node_modules/@swc/core-darwin-arm64": {
      "version": "1.2.150",
      "resolved": "https://registry.npmjs.org/@swc/core-darwin-arm64/-/core-darwin-arm64-1.2.150.tgz",
      "integrity": "sha512-R7SmsfBX/u1Z5hcjqCw86n065Tyu9kDCU01LYyAbHDsqJCjSvGaWV50G1+9hJD4KzqFDw7iz3KgKHYgVSnkbrQ==",
      "cpu": [
        "arm64"
      ],
      "dev": true,
      "optional": true,
      "os": [
        "darwin"
      ],
      "engines": {
        "node": ">=10"
      }
    },
    "node_modules/@swc/core-darwin-x64": {
      "version": "1.2.150",
      "resolved": "https://registry.npmjs.org/@swc/core-darwin-x64/-/core-darwin-x64-1.2.150.tgz",
      "integrity": "sha512-PrzoJ5uZHAluo3ycOtbgV93o5slTIp5I4OkOEs+XNqCD03PqQ3RJ3gjiCDRpvVdmLowKGyUkxtXwPNcD7QlBiA==",
      "cpu": [
        "x64"
      ],
      "dev": true,
      "optional": true,
      "os": [
        "darwin"
      ],
      "engines": {
        "node": ">=10"
      }
    },
    "node_modules/@swc/core-freebsd-x64": {
      "version": "1.2.150",
      "resolved": "https://registry.npmjs.org/@swc/core-freebsd-x64/-/core-freebsd-x64-1.2.150.tgz",
      "integrity": "sha512-/7tSHocl91mA5tI3OczPMvqw50hvBWgF+s6jf++Xc38b2+/GyUkvzHyDHLkultAM+QfPCSm8nNGGIKobafZ7Qg==",
      "cpu": [
        "x64"
      ],
      "dev": true,
      "optional": true,
      "os": [
        "freebsd"
      ],
      "engines": {
        "node": ">=10"
      }
    },
    "node_modules/@swc/core-linux-arm-gnueabihf": {
      "version": "1.2.150",
      "resolved": "https://registry.npmjs.org/@swc/core-linux-arm-gnueabihf/-/core-linux-arm-gnueabihf-1.2.150.tgz",
      "integrity": "sha512-3+tvOrzXf4Jpl3Jxmy7vg7hwbYuXL3XTwxieb+98ylXQWE1kDvzQhKpRphhz47pkJBFuCpgGrGSP5BwsuUaqUg==",
      "cpu": [
        "arm"
      ],
      "dev": true,
      "optional": true,
      "os": [
        "linux"
      ],
      "engines": {
        "node": ">=10"
      }
    },
    "node_modules/@swc/core-linux-arm64-gnu": {
      "version": "1.2.150",
      "resolved": "https://registry.npmjs.org/@swc/core-linux-arm64-gnu/-/core-linux-arm64-gnu-1.2.150.tgz",
      "integrity": "sha512-Tkzq5vjI9ylGGHlDljmBN0mii5qMI0689sz7UPM+7gzsKpTaUvA51jjcWBVdejx4IdL0I5cPphVhVYabnwisqA==",
      "cpu": [
        "arm64"
      ],
      "dev": true,
      "optional": true,
      "os": [
        "linux"
      ],
      "engines": {
        "node": ">=10"
      }
    },
    "node_modules/@swc/core-linux-arm64-musl": {
      "version": "1.2.150",
      "resolved": "https://registry.npmjs.org/@swc/core-linux-arm64-musl/-/core-linux-arm64-musl-1.2.150.tgz",
      "integrity": "sha512-JxfHlncW8uo5sZHArp5Lk0hs8G2F6f/1vSeAw14XUhokH3j9IkQb4LpncMtKK41J/orQLepCjIaz5sWBbyoOrg==",
      "cpu": [
        "arm64"
      ],
      "dev": true,
      "optional": true,
      "os": [
        "linux"
      ],
      "engines": {
        "node": ">=10"
      }
    },
    "node_modules/@swc/core-linux-x64-gnu": {
      "version": "1.2.150",
      "resolved": "https://registry.npmjs.org/@swc/core-linux-x64-gnu/-/core-linux-x64-gnu-1.2.150.tgz",
      "integrity": "sha512-5U1UtFE27PEctlKYVvuoAmiqXDiF8si5Dd75o/pO9Ks3DFXfG0xtnpbZkoMBzVVVZVw8Tl6l5ww18dgNjR99Xw==",
      "cpu": [
        "x64"
      ],
      "dev": true,
      "optional": true,
      "os": [
        "linux"
      ],
      "engines": {
        "node": ">=10"
      }
    },
    "node_modules/@swc/core-linux-x64-musl": {
      "version": "1.2.150",
      "resolved": "https://registry.npmjs.org/@swc/core-linux-x64-musl/-/core-linux-x64-musl-1.2.150.tgz",
      "integrity": "sha512-4PLvB7F1WJyUm19FkYuFIPoOjNRpn+Q2KP30XmpI6RUEgPTG9vf36fKndX7PHRTmKm9EHSAfXgZijM9nPrWZ5Q==",
      "cpu": [
        "x64"
      ],
      "dev": true,
      "optional": true,
      "os": [
        "linux"
      ],
      "engines": {
        "node": ">=10"
      }
    },
    "node_modules/@swc/core-win32-arm64-msvc": {
      "version": "1.2.150",
      "resolved": "https://registry.npmjs.org/@swc/core-win32-arm64-msvc/-/core-win32-arm64-msvc-1.2.150.tgz",
      "integrity": "sha512-wsr8wYCF/CV2yoY8pKkaQQ9MUrIqEtLwLYFXt4lZrHZnkpnzBW4IMEujKQQCuDFtepy9vd1gbgtM1IWs8VwaSw==",
      "cpu": [
        "arm64"
      ],
      "dev": true,
      "optional": true,
      "os": [
        "win32"
      ],
      "engines": {
        "node": ">=10"
      }
    },
    "node_modules/@swc/core-win32-ia32-msvc": {
      "version": "1.2.150",
      "resolved": "https://registry.npmjs.org/@swc/core-win32-ia32-msvc/-/core-win32-ia32-msvc-1.2.150.tgz",
      "integrity": "sha512-7y3hsloL80TtDU4cwhuUDBQrtQ15XzAX1xsDmbDjCaGWK002I9YttTgsbnmhns4+dwGAJkTEIVhO6WWeT/PGwg==",
      "cpu": [
        "ia32"
      ],
      "dev": true,
      "optional": true,
      "os": [
        "win32"
      ],
      "engines": {
        "node": ">=10"
      }
    },
    "node_modules/@swc/core-win32-x64-msvc": {
      "version": "1.2.150",
      "resolved": "https://registry.npmjs.org/@swc/core-win32-x64-msvc/-/core-win32-x64-msvc-1.2.150.tgz",
      "integrity": "sha512-ZO5iWJcnDH475r+RsF6Oqb82oNQZ1s/sJEa8482LkQpq0hpEjPcz0jlWf8oSnvXgFtVcoodmV7yYX/g5ZPeKbw==",
      "cpu": [
        "x64"
      ],
      "dev": true,
      "optional": true,
      "os": [
        "win32"
      ],
      "engines": {
        "node": ">=10"
      }
    },
    "node_modules/@types/node": {
      "version": "17.0.21",
      "resolved": "https://registry.npmjs.org/@types/node/-/node-17.0.21.tgz",
      "integrity": "sha512-DBZCJbhII3r90XbQxI8Y9IjjiiOGlZ0Hr32omXIZvwwZ7p4DMMXGrKXVyPfuoBOri9XNtL0UK69jYIBIsRX3QQ==",
      "dev": true
    },
    "node_modules/js-tokens": {
      "version": "4.0.0",
      "resolved": "https://registry.npmjs.org/js-tokens/-/js-tokens-4.0.0.tgz",
      "integrity": "sha512-RdJUflcE3cUzKiMqQgsCu06FPu9UdIJO0beYbPhHN4k6apgJtifcoCtT9bcxOpYBtpD2kCM6Sbzg4CausW/PKQ==",
      "dev": true
    },
    "node_modules/loose-envify": {
      "version": "1.4.0",
      "resolved": "https://registry.npmjs.org/loose-envify/-/loose-envify-1.4.0.tgz",
      "integrity": "sha512-lyuxPGr/Wfhrlem2CL/UcnUc1zcqKAImBDzukY7Y5F/yQiNdko6+fRLevlw1HgMySw7f611UIY408EtxRSoK3Q==",
      "dev": true,
      "dependencies": {
        "js-tokens": "^3.0.0 || ^4.0.0"
      },
      "bin": {
        "loose-envify": "cli.js"
      }
    },
    "node_modules/object-assign": {
      "version": "4.1.1",
      "resolved": "https://registry.npmjs.org/object-assign/-/object-assign-4.1.1.tgz",
      "integrity": "sha1-IQmtx5ZYh8/AXLvUQsrIv7s2CGM=",
      "dev": true,
      "engines": {
        "node": ">=0.10.0"
      }
    },
    "node_modules/react": {
      "version": "17.0.2",
      "resolved": "https://registry.npmjs.org/react/-/react-17.0.2.tgz",
      "integrity": "sha512-gnhPt75i/dq/z3/6q/0asP78D0u592D5L1pd7M8P+dck6Fu/jJeL6iVVK23fptSUZj8Vjf++7wXA8UNclGQcbA==",
      "dev": true,
      "dependencies": {
        "loose-envify": "^1.1.0",
        "object-assign": "^4.1.1"
      },
      "engines": {
        "node": ">=0.10.0"
      }
    },
    "node_modules/typescript": {
      "version": "4.6.2",
      "resolved": "https://registry.npmjs.org/typescript/-/typescript-4.6.2.tgz",
      "integrity": "sha512-HM/hFigTBHZhLXshn9sN37H085+hQGeJHJ/X7LpBWLID/fbc2acUMfU+lGD98X81sKP+pFa9f0DZmCwB9GnbAg==",
      "dev": true,
      "bin": {
        "tsc": "bin/tsc",
        "tsserver": "bin/tsserver"
      },
      "engines": {
        "node": ">=4.2.0"
      }
    }
  },
  "dependencies": {
    "@swc/core": {
      "version": "1.2.150",
      "resolved": "https://registry.npmjs.org/@swc/core/-/core-1.2.150.tgz",
      "integrity": "sha512-z2Tu3I4jPmWpEA7FV4uhMt+3SeO9cIDvsznttA6u38hErMSfuZtWa+Oz/J4wgcoAWJEF2v841Rmqop080wbNrg==",
      "dev": true,
      "requires": {
        "@swc/core-android-arm-eabi": "1.2.150",
        "@swc/core-android-arm64": "1.2.150",
        "@swc/core-darwin-arm64": "1.2.150",
        "@swc/core-darwin-x64": "1.2.150",
        "@swc/core-freebsd-x64": "1.2.150",
        "@swc/core-linux-arm-gnueabihf": "1.2.150",
        "@swc/core-linux-arm64-gnu": "1.2.150",
        "@swc/core-linux-arm64-musl": "1.2.150",
        "@swc/core-linux-x64-gnu": "1.2.150",
        "@swc/core-linux-x64-musl": "1.2.150",
        "@swc/core-win32-arm64-msvc": "1.2.150",
        "@swc/core-win32-ia32-msvc": "1.2.150",
        "@swc/core-win32-x64-msvc": "1.2.150"
      }
    },
    "@swc/core-android-arm-eabi": {
      "version": "1.2.150",
      "resolved": "https://registry.npmjs.org/@swc/core-android-arm-eabi/-/core-android-arm-eabi-1.2.150.tgz",
      "integrity": "sha512-tujdQweAs6d8YwtsdVGI7/UH7Ce/iPJLLwDhVb6M9yxgWa0HEQA1vip/wXZ9FjDfyyzeyAC9DMd3pY+5KMvVBA==",
      "dev": true,
      "optional": true
    },
    "@swc/core-android-arm64": {
      "version": "1.2.150",
      "resolved": "https://registry.npmjs.org/@swc/core-android-arm64/-/core-android-arm64-1.2.150.tgz",
      "integrity": "sha512-HK7XErx2EHk1xU5tCrwJqhdPQUMBkYgRojs91IfWEUbxxDtXlb58SkeYbv1CYVnTsuL0FkryjH0shavegqfF6Q==",
      "dev": true,
      "optional": true
    },
    "@swc/core-darwin-arm64": {
      "version": "1.2.150",
      "resolved": "https://registry.npmjs.org/@swc/core-darwin-arm64/-/core-darwin-arm64-1.2.150.tgz",
      "integrity": "sha512-R7SmsfBX/u1Z5hcjqCw86n065Tyu9kDCU01LYyAbHDsqJCjSvGaWV50G1+9hJD4KzqFDw7iz3KgKHYgVSnkbrQ==",
      "dev": true,
      "optional": true
    },
    "@swc/core-darwin-x64": {
      "version": "1.2.150",
      "resolved": "https://registry.npmjs.org/@swc/core-darwin-x64/-/core-darwin-x64-1.2.150.tgz",
      "integrity": "sha512-PrzoJ5uZHAluo3ycOtbgV93o5slTIp5I4OkOEs+XNqCD03PqQ3RJ3gjiCDRpvVdmLowKGyUkxtXwPNcD7QlBiA==",
      "dev": true,
      "optional": true
    },
    "@swc/core-freebsd-x64": {
      "version": "1.2.150",
      "resolved": "https://registry.npmjs.org/@swc/core-freebsd-x64/-/core-freebsd-x64-1.2.150.tgz",
      "integrity": "sha512-/7tSHocl91mA5tI3OczPMvqw50hvBWgF+s6jf++Xc38b2+/GyUkvzHyDHLkultAM+QfPCSm8nNGGIKobafZ7Qg==",
      "dev": true,
      "optional": true
    },
    "@swc/core-linux-arm-gnueabihf": {
      "version": "1.2.150",
      "resolved": "https://registry.npmjs.org/@swc/core-linux-arm-gnueabihf/-/core-linux-arm-gnueabihf-1.2.150.tgz",
      "integrity": "sha512-3+tvOrzXf4Jpl3Jxmy7vg7hwbYuXL3XTwxieb+98ylXQWE1kDvzQhKpRphhz47pkJBFuCpgGrGSP5BwsuUaqUg==",
      "dev": true,
      "optional": true
    },
    "@swc/core-linux-arm64-gnu": {
      "version": "1.2.150",
      "resolved": "https://registry.npmjs.org/@swc/core-linux-arm64-gnu/-/core-linux-arm64-gnu-1.2.150.tgz",
      "integrity": "sha512-Tkzq5vjI9ylGGHlDljmBN0mii5qMI0689sz7UPM+7gzsKpTaUvA51jjcWBVdejx4IdL0I5cPphVhVYabnwisqA==",
      "dev": true,
      "optional": true
    },
    "@swc/core-linux-arm64-musl": {
      "version": "1.2.150",
      "resolved": "https://registry.npmjs.org/@swc/core-linux-arm64-musl/-/core-linux-arm64-musl-1.2.150.tgz",
      "integrity": "sha512-JxfHlncW8uo5sZHArp5Lk0hs8G2F6f/1vSeAw14XUhokH3j9IkQb4LpncMtKK41J/orQLepCjIaz5sWBbyoOrg==",
      "dev": true,
      "optional": true
    },
    "@swc/core-linux-x64-gnu": {
      "version": "1.2.150",
      "resolved": "https://registry.npmjs.org/@swc/core-linux-x64-gnu/-/core-linux-x64-gnu-1.2.150.tgz",
      "integrity": "sha512-5U1UtFE27PEctlKYVvuoAmiqXDiF8si5Dd75o/pO9Ks3DFXfG0xtnpbZkoMBzVVVZVw8Tl6l5ww18dgNjR99Xw==",
      "dev": true,
      "optional": true
    },
    "@swc/core-linux-x64-musl": {
      "version": "1.2.150",
      "resolved": "https://registry.npmjs.org/@swc/core-linux-x64-musl/-/core-linux-x64-musl-1.2.150.tgz",
      "integrity": "sha512-4PLvB7F1WJyUm19FkYuFIPoOjNRpn+Q2KP30XmpI6RUEgPTG9vf36fKndX7PHRTmKm9EHSAfXgZijM9nPrWZ5Q==",
      "dev": true,
      "optional": true
    },
    "@swc/core-win32-arm64-msvc": {
      "version": "1.2.150",
      "resolved": "https://registry.npmjs.org/@swc/core-win32-arm64-msvc/-/core-win32-arm64-msvc-1.2.150.tgz",
      "integrity": "sha512-wsr8wYCF/CV2yoY8pKkaQQ9MUrIqEtLwLYFXt4lZrHZnkpnzBW4IMEujKQQCuDFtepy9vd1gbgtM1IWs8VwaSw==",
      "dev": true,
      "optional": true
    },
    "@swc/core-win32-ia32-msvc": {
      "version": "1.2.150",
      "resolved": "https://registry.npmjs.org/@swc/core-win32-ia32-msvc/-/core-win32-ia32-msvc-1.2.150.tgz",
      "integrity": "sha512-7y3hsloL80TtDU4cwhuUDBQrtQ15XzAX1xsDmbDjCaGWK002I9YttTgsbnmhns4+dwGAJkTEIVhO6WWeT/PGwg==",
      "dev": true,
      "optional": true
    },
    "@swc/core-win32-x64-msvc": {
      "version": "1.2.150",
      "resolved": "https://registry.npmjs.org/@swc/core-win32-x64-msvc/-/core-win32-x64-msvc-1.2.150.tgz",
      "integrity": "sha512-ZO5iWJcnDH475r+RsF6Oqb82oNQZ1s/sJEa8482LkQpq0hpEjPcz0jlWf8oSnvXgFtVcoodmV7yYX/g5ZPeKbw==",
      "dev": true,
      "optional": true
    },
    "@types/node": {
      "version": "17.0.21",
      "resolved": "https://registry.npmjs.org/@types/node/-/node-17.0.21.tgz",
      "integrity": "sha512-DBZCJbhII3r90XbQxI8Y9IjjiiOGlZ0Hr32omXIZvwwZ7p4DMMXGrKXVyPfuoBOri9XNtL0UK69jYIBIsRX3QQ==",
      "dev": true
    },
    "js-tokens": {
      "version": "4.0.0",
      "resolved": "https://registry.npmjs.org/js-tokens/-/js-tokens-4.0.0.tgz",
      "integrity": "sha512-RdJUflcE3cUzKiMqQgsCu06FPu9UdIJO0beYbPhHN4k6apgJtifcoCtT9bcxOpYBtpD2kCM6Sbzg4CausW/PKQ==",
      "dev": true
    },
    "loose-envify": {
      "version": "1.4.0",
      "resolved": "https://registry.npmjs.org/loose-envify/-/loose-envify-1.4.0.tgz",
      "integrity": "sha512-lyuxPGr/Wfhrlem2CL/UcnUc1zcqKAImBDzukY7Y5F/yQiNdko6+fRLevlw1HgMySw7f611UIY408EtxRSoK3Q==",
      "dev": true,
      "requires": {
        "js-tokens": "^3.0.0 || ^4.0.0"
      }
    },
    "object-assign": {
      "version": "4.1.1",
      "resolved": "https://registry.npmjs.org/object-assign/-/object-assign-4.1.1.tgz",
      "integrity": "sha1-IQmtx5ZYh8/AXLvUQsrIv7s2CGM=",
      "dev": true
    },
    "react": {
      "version": "17.0.2",
      "resolved": "https://registry.npmjs.org/react/-/react-17.0.2.tgz",
      "integrity": "sha512-gnhPt75i/dq/z3/6q/0asP78D0u592D5L1pd7M8P+dck6Fu/jJeL6iVVK23fptSUZj8Vjf++7wXA8UNclGQcbA==",
      "dev": true,
      "requires": {
        "loose-envify": "^1.1.0",
        "object-assign": "^4.1.1"
      }
    },
    "typescript": {
      "version": "4.6.2",
      "resolved": "https://registry.npmjs.org/typescript/-/typescript-4.6.2.tgz",
      "integrity": "sha512-HM/hFigTBHZhLXshn9sN37H085+hQGeJHJ/X7LpBWLID/fbc2acUMfU+lGD98X81sKP+pFa9f0DZmCwB9GnbAg==",
      "dev": true
    }
  }
}
