{
  "name": "swc-playground",
  "version": "1.0.0",
  "lockfileVersion": 2,
  "requires": true,
  "packages": {
    "": {
      "name": "swc-playground",
      "version": "1.0.0",
      "license": "ISC",
      "dependencies": {
        "@swc/core": "^1.2.138",
        "react": "^17.0.2",
        "react-dom": "^17.0.2"
      }
    },
    "node_modules/@swc/core": {
      "version": "1.2.138",
      "resolved": "https://registry.npmjs.org/@swc/core/-/core-1.2.138.tgz",
      "integrity": "sha512-XMbpq6y2BiTju5KCtveM3h32Ma3chGm/fQEjErZmWNOcPIpupGLPosSU1bH35Udee4GHNJH3NfkZIDR0cjHWIg==",
      "engines": {
        "node": ">=10"
      },
      "funding": {
        "type": "opencollective",
        "url": "https://opencollective.com/swc"
      },
      "optionalDependencies": {
        "@swc/core-android-arm-eabi": "1.2.138",
        "@swc/core-android-arm64": "1.2.138",
        "@swc/core-darwin-arm64": "1.2.138",
        "@swc/core-darwin-x64": "1.2.138",
        "@swc/core-freebsd-x64": "1.2.138",
        "@swc/core-linux-arm-gnueabihf": "1.2.138",
        "@swc/core-linux-arm64-gnu": "1.2.138",
        "@swc/core-linux-arm64-musl": "1.2.138",
        "@swc/core-linux-x64-gnu": "1.2.138",
        "@swc/core-linux-x64-musl": "1.2.138",
        "@swc/core-win32-arm64-msvc": "1.2.138",
        "@swc/core-win32-ia32-msvc": "1.2.138",
        "@swc/core-win32-x64-msvc": "1.2.138"
      }
    },
    "node_modules/@swc/core-android-arm-eabi": {
      "version": "1.2.138",
      "resolved": "https://registry.npmjs.org/@swc/core-android-arm-eabi/-/core-android-arm-eabi-1.2.138.tgz",
      "integrity": "sha512-N79aTHj/jZNa8nXjOrfAaYYBkJxCQ9ZVFikQKSbBETU8usk7qAWDdCs94Y0q/Sow+9uiqguRVOrPFKSrN8LMTg==",
      "cpu": [
        "arm"
      ],
      "optional": true,
      "os": [
        "android"
      ],
      "engines": {
        "node": ">=10"
      }
    },
    "node_modules/@swc/core-android-arm64": {
      "version": "1.2.138",
      "resolved": "https://registry.npmjs.org/@swc/core-android-arm64/-/core-android-arm64-1.2.138.tgz",
      "integrity": "sha512-ZNRqTjZpNrB39pCX5OmtnNTnzU3X1GjZX2xDouS1jknEE+TPz1ZJsM4zNlz6AObd7caJhU7qRyWNDM0nlcnJZQ==",
      "cpu": [
        "arm64"
      ],
      "optional": true,
      "os": [
        "android"
      ],
      "engines": {
        "node": ">=10"
      }
    },
    "node_modules/@swc/core-darwin-arm64": {
      "version": "1.2.138",
      "resolved": "https://registry.npmjs.org/@swc/core-darwin-arm64/-/core-darwin-arm64-1.2.138.tgz",
      "integrity": "sha512-DlT0s3Iw3bmOCk4jln0Q9AC1H7q75bZojyODcPXQ2T24s6LcBeD1lNAfyQ2RmaQJTlBM04LjNYqvjA2HAR4ckw==",
      "cpu": [
        "arm64"
      ],
      "optional": true,
      "os": [
        "darwin"
      ],
      "engines": {
        "node": ">=10"
      }
    },
    "node_modules/@swc/core-darwin-x64": {
      "version": "1.2.138",
      "resolved": "https://registry.npmjs.org/@swc/core-darwin-x64/-/core-darwin-x64-1.2.138.tgz",
      "integrity": "sha512-+8ahwSnUTPCmpB1VkMTJdfcFU+ZGQ5JnA1dpSvDhB/u8wV2Dpk0ozpX+3xjqYXoUdhZvdHW1FxKZrhMhscJriA==",
      "cpu": [
        "x64"
      ],
      "optional": true,
      "os": [
        "darwin"
      ],
      "engines": {
        "node": ">=10"
      }
    },
    "node_modules/@swc/core-freebsd-x64": {
      "version": "1.2.138",
      "resolved": "https://registry.npmjs.org/@swc/core-freebsd-x64/-/core-freebsd-x64-1.2.138.tgz",
      "integrity": "sha512-4icXrpDBN2r24PIRF2DBZ9IPgnXnEqO7/bySIUoL7ul8su2yoRP4Xp3Xi+XP+uBvtrVttwYtzGPNikVggVSK1Q==",
      "cpu": [
        "x64"
      ],
      "optional": true,
      "os": [
        "freebsd"
      ],
      "engines": {
        "node": ">=10"
      }
    },
    "node_modules/@swc/core-linux-arm-gnueabihf": {
      "version": "1.2.138",
      "resolved": "https://registry.npmjs.org/@swc/core-linux-arm-gnueabihf/-/core-linux-arm-gnueabihf-1.2.138.tgz",
      "integrity": "sha512-YdEKUvT9GGBEsKSyXc/YJ0cWSetBV3JhxouYLCv4AoQsTrDU5vDQDFUWlT21pzlbwC66ffbpYxnugpsqBm5XKg==",
      "cpu": [
        "arm"
      ],
      "optional": true,
      "os": [
        "linux"
      ],
      "engines": {
        "node": ">=10"
      }
    },
    "node_modules/@swc/core-linux-arm64-gnu": {
      "version": "1.2.138",
      "resolved": "https://registry.npmjs.org/@swc/core-linux-arm64-gnu/-/core-linux-arm64-gnu-1.2.138.tgz",
      "integrity": "sha512-cn/YrVvghCgSpagzHins1BQnJ07J53aCvlp57iXDA2xfH/HwXTijIy+UzqpQaLeKKQ8gMXmfzj/M7WklccN8jw==",
      "cpu": [
        "arm64"
      ],
      "optional": true,
      "os": [
        "linux"
      ],
      "engines": {
        "node": ">=10"
      }
    },
    "node_modules/@swc/core-linux-arm64-musl": {
      "version": "1.2.138",
      "resolved": "https://registry.npmjs.org/@swc/core-linux-arm64-musl/-/core-linux-arm64-musl-1.2.138.tgz",
      "integrity": "sha512-aYoeZ46gaewTYYShHwlYhL8ARrLILiEnTWJFEWoUfAfbDwi4zaLyymRYmdpUyRHr+D9jloM5BKFNWnRPBTyCEg==",
      "cpu": [
        "arm64"
      ],
      "optional": true,
      "os": [
        "linux"
      ],
      "engines": {
        "node": ">=10"
      }
    },
    "node_modules/@swc/core-linux-x64-gnu": {
      "version": "1.2.138",
      "resolved": "https://registry.npmjs.org/@swc/core-linux-x64-gnu/-/core-linux-x64-gnu-1.2.138.tgz",
      "integrity": "sha512-gt9qP426kkIx4Yu2Dd9U2S44OE8ynRi47rt2HvdHaBlMsGfMH28EyMet3UT61ZVHMEoDxADQctz0JD1/29Ha1Q==",
      "cpu": [
        "x64"
      ],
      "optional": true,
      "os": [
        "linux"
      ],
      "engines": {
        "node": ">=10"
      }
    },
    "node_modules/@swc/core-linux-x64-musl": {
      "version": "1.2.138",
      "resolved": "https://registry.npmjs.org/@swc/core-linux-x64-musl/-/core-linux-x64-musl-1.2.138.tgz",
      "integrity": "sha512-lySbIVGApaDQVKPwH8D+9J5dkrawJTrBm86vY7F9sDPR5yCq5Buxx6Pn1X6VKE6e5vlEEb1zbVQmCrFgdUcgig==",
      "cpu": [
        "x64"
      ],
      "optional": true,
      "os": [
        "linux"
      ],
      "engines": {
        "node": ">=10"
      }
    },
    "node_modules/@swc/core-win32-arm64-msvc": {
      "version": "1.2.138",
      "resolved": "https://registry.npmjs.org/@swc/core-win32-arm64-msvc/-/core-win32-arm64-msvc-1.2.138.tgz",
      "integrity": "sha512-UmDtaC9ds1SNNfhYrHW1JvBhy7wKb/Y9RcQOsfG3StxqqnYkOWDkQt9dY5O9lAG8Iw/TCxzjJhm6ul48eMv9OQ==",
      "cpu": [
        "arm64"
      ],
      "optional": true,
      "os": [
        "win32"
      ],
      "engines": {
        "node": ">=10"
      }
    },
    "node_modules/@swc/core-win32-ia32-msvc": {
      "version": "1.2.138",
      "resolved": "https://registry.npmjs.org/@swc/core-win32-ia32-msvc/-/core-win32-ia32-msvc-1.2.138.tgz",
      "integrity": "sha512-evapKq/jVKMI5KDXUvpu3rhYf/L0VIg92TTphpxJSNjo7k5w9n68RY3MXtm1BmtCR4ZWtx0OEXzr9ckUDcqZDA==",
      "cpu": [
        "ia32"
      ],
      "optional": true,
      "os": [
        "win32"
      ],
      "engines": {
        "node": ">=10"
      }
    },
    "node_modules/@swc/core-win32-x64-msvc": {
      "version": "1.2.138",
      "resolved": "https://registry.npmjs.org/@swc/core-win32-x64-msvc/-/core-win32-x64-msvc-1.2.138.tgz",
      "integrity": "sha512-wYrARtnPg/svsQd0oovbth2JAhOugAgbnaOS0CMiWB4vaFBx+1GHJl5wzdhh9jt1kzsu4xZ4237tUeMH+s6d0A==",
      "cpu": [
        "x64"
      ],
      "optional": true,
      "os": [
        "win32"
      ],
      "engines": {
        "node": ">=10"
      }
    },
    "node_modules/js-tokens": {
      "version": "4.0.0",
      "resolved": "https://registry.npmjs.org/js-tokens/-/js-tokens-4.0.0.tgz",
      "integrity": "sha512-RdJUflcE3cUzKiMqQgsCu06FPu9UdIJO0beYbPhHN4k6apgJtifcoCtT9bcxOpYBtpD2kCM6Sbzg4CausW/PKQ=="
    },
    "node_modules/loose-envify": {
      "version": "1.4.0",
      "resolved": "https://registry.npmjs.org/loose-envify/-/loose-envify-1.4.0.tgz",
      "integrity": "sha512-lyuxPGr/Wfhrlem2CL/UcnUc1zcqKAImBDzukY7Y5F/yQiNdko6+fRLevlw1HgMySw7f611UIY408EtxRSoK3Q==",
      "dependencies": {
        "js-tokens": "^3.0.0 || ^4.0.0"
      },
      "bin": {
        "loose-envify": "cli.js"
      }
    },
    "node_modules/object-assign": {
      "version": "4.1.1",
      "resolved": "https://registry.npmjs.org/object-assign/-/object-assign-4.1.1.tgz",
      "integrity": "sha1-IQmtx5ZYh8/AXLvUQsrIv7s2CGM=",
      "engines": {
        "node": ">=0.10.0"
      }
    },
    "node_modules/react": {
      "version": "17.0.2",
      "resolved": "https://registry.npmjs.org/react/-/react-17.0.2.tgz",
      "integrity": "sha512-gnhPt75i/dq/z3/6q/0asP78D0u592D5L1pd7M8P+dck6Fu/jJeL6iVVK23fptSUZj8Vjf++7wXA8UNclGQcbA==",
      "dependencies": {
        "loose-envify": "^1.1.0",
        "object-assign": "^4.1.1"
      },
      "engines": {
        "node": ">=0.10.0"
      }
    },
    "node_modules/react-dom": {
      "version": "17.0.2",
      "resolved": "https://registry.npmjs.org/react-dom/-/react-dom-17.0.2.tgz",
      "integrity": "sha512-s4h96KtLDUQlsENhMn1ar8t2bEa+q/YAtj8pPPdIjPDGBDIVNsrD9aXNWqspUe6AzKCIG0C1HZZLqLV7qpOBGA==",
      "dependencies": {
        "loose-envify": "^1.1.0",
        "object-assign": "^4.1.1",
        "scheduler": "^0.20.2"
      },
      "peerDependencies": {
        "react": "17.0.2"
      }
    },
    "node_modules/scheduler": {
      "version": "0.20.2",
      "resolved": "https://registry.npmjs.org/scheduler/-/scheduler-0.20.2.tgz",
      "integrity": "sha512-2eWfGgAqqWFGqtdMmcL5zCMK1U8KlXv8SQFGglL3CEtd0aDVDWgeF/YoCmvln55m5zSk3J/20hTaSBeSObsQDQ==",
      "dependencies": {
        "loose-envify": "^1.1.0",
        "object-assign": "^4.1.1"
      }
    }
  },
  "dependencies": {
    "@swc/core": {
      "version": "1.2.138",
      "resolved": "https://registry.npmjs.org/@swc/core/-/core-1.2.138.tgz",
      "integrity": "sha512-XMbpq6y2BiTju5KCtveM3h32Ma3chGm/fQEjErZmWNOcPIpupGLPosSU1bH35Udee4GHNJH3NfkZIDR0cjHWIg==",
      "requires": {
        "@swc/core-android-arm-eabi": "1.2.138",
        "@swc/core-android-arm64": "1.2.138",
        "@swc/core-darwin-arm64": "1.2.138",
        "@swc/core-darwin-x64": "1.2.138",
        "@swc/core-freebsd-x64": "1.2.138",
        "@swc/core-linux-arm-gnueabihf": "1.2.138",
        "@swc/core-linux-arm64-gnu": "1.2.138",
        "@swc/core-linux-arm64-musl": "1.2.138",
        "@swc/core-linux-x64-gnu": "1.2.138",
        "@swc/core-linux-x64-musl": "1.2.138",
        "@swc/core-win32-arm64-msvc": "1.2.138",
        "@swc/core-win32-ia32-msvc": "1.2.138",
        "@swc/core-win32-x64-msvc": "1.2.138"
      }
    },
    "@swc/core-android-arm-eabi": {
      "version": "1.2.138",
      "resolved": "https://registry.npmjs.org/@swc/core-android-arm-eabi/-/core-android-arm-eabi-1.2.138.tgz",
      "integrity": "sha512-N79aTHj/jZNa8nXjOrfAaYYBkJxCQ9ZVFikQKSbBETU8usk7qAWDdCs94Y0q/Sow+9uiqguRVOrPFKSrN8LMTg==",
      "optional": true
    },
    "@swc/core-android-arm64": {
      "version": "1.2.138",
      "resolved": "https://registry.npmjs.org/@swc/core-android-arm64/-/core-android-arm64-1.2.138.tgz",
      "integrity": "sha512-ZNRqTjZpNrB39pCX5OmtnNTnzU3X1GjZX2xDouS1jknEE+TPz1ZJsM4zNlz6AObd7caJhU7qRyWNDM0nlcnJZQ==",
      "optional": true
    },
    "@swc/core-darwin-arm64": {
      "version": "1.2.138",
      "resolved": "https://registry.npmjs.org/@swc/core-darwin-arm64/-/core-darwin-arm64-1.2.138.tgz",
      "integrity": "sha512-DlT0s3Iw3bmOCk4jln0Q9AC1H7q75bZojyODcPXQ2T24s6LcBeD1lNAfyQ2RmaQJTlBM04LjNYqvjA2HAR4ckw==",
      "optional": true
    },
    "@swc/core-darwin-x64": {
      "version": "1.2.138",
      "resolved": "https://registry.npmjs.org/@swc/core-darwin-x64/-/core-darwin-x64-1.2.138.tgz",
      "integrity": "sha512-+8ahwSnUTPCmpB1VkMTJdfcFU+ZGQ5JnA1dpSvDhB/u8wV2Dpk0ozpX+3xjqYXoUdhZvdHW1FxKZrhMhscJriA==",
      "optional": true
    },
    "@swc/core-freebsd-x64": {
      "version": "1.2.138",
      "resolved": "https://registry.npmjs.org/@swc/core-freebsd-x64/-/core-freebsd-x64-1.2.138.tgz",
      "integrity": "sha512-4icXrpDBN2r24PIRF2DBZ9IPgnXnEqO7/bySIUoL7ul8su2yoRP4Xp3Xi+XP+uBvtrVttwYtzGPNikVggVSK1Q==",
      "optional": true
    },
    "@swc/core-linux-arm-gnueabihf": {
      "version": "1.2.138",
      "resolved": "https://registry.npmjs.org/@swc/core-linux-arm-gnueabihf/-/core-linux-arm-gnueabihf-1.2.138.tgz",
      "integrity": "sha512-YdEKUvT9GGBEsKSyXc/YJ0cWSetBV3JhxouYLCv4AoQsTrDU5vDQDFUWlT21pzlbwC66ffbpYxnugpsqBm5XKg==",
      "optional": true
    },
    "@swc/core-linux-arm64-gnu": {
      "version": "1.2.138",
      "resolved": "https://registry.npmjs.org/@swc/core-linux-arm64-gnu/-/core-linux-arm64-gnu-1.2.138.tgz",
      "integrity": "sha512-cn/YrVvghCgSpagzHins1BQnJ07J53aCvlp57iXDA2xfH/HwXTijIy+UzqpQaLeKKQ8gMXmfzj/M7WklccN8jw==",
      "optional": true
    },
    "@swc/core-linux-arm64-musl": {
      "version": "1.2.138",
      "resolved": "https://registry.npmjs.org/@swc/core-linux-arm64-musl/-/core-linux-arm64-musl-1.2.138.tgz",
      "integrity": "sha512-aYoeZ46gaewTYYShHwlYhL8ARrLILiEnTWJFEWoUfAfbDwi4zaLyymRYmdpUyRHr+D9jloM5BKFNWnRPBTyCEg==",
      "optional": true
    },
    "@swc/core-linux-x64-gnu": {
      "version": "1.2.138",
      "resolved": "https://registry.npmjs.org/@swc/core-linux-x64-gnu/-/core-linux-x64-gnu-1.2.138.tgz",
      "integrity": "sha512-gt9qP426kkIx4Yu2Dd9U2S44OE8ynRi47rt2HvdHaBlMsGfMH28EyMet3UT61ZVHMEoDxADQctz0JD1/29Ha1Q==",
      "optional": true
    },
    "@swc/core-linux-x64-musl": {
      "version": "1.2.138",
      "resolved": "https://registry.npmjs.org/@swc/core-linux-x64-musl/-/core-linux-x64-musl-1.2.138.tgz",
      "integrity": "sha512-lySbIVGApaDQVKPwH8D+9J5dkrawJTrBm86vY7F9sDPR5yCq5Buxx6Pn1X6VKE6e5vlEEb1zbVQmCrFgdUcgig==",
      "optional": true
    },
    "@swc/core-win32-arm64-msvc": {
      "version": "1.2.138",
      "resolved": "https://registry.npmjs.org/@swc/core-win32-arm64-msvc/-/core-win32-arm64-msvc-1.2.138.tgz",
      "integrity": "sha512-UmDtaC9ds1SNNfhYrHW1JvBhy7wKb/Y9RcQOsfG3StxqqnYkOWDkQt9dY5O9lAG8Iw/TCxzjJhm6ul48eMv9OQ==",
      "optional": true
    },
    "@swc/core-win32-ia32-msvc": {
      "version": "1.2.138",
      "resolved": "https://registry.npmjs.org/@swc/core-win32-ia32-msvc/-/core-win32-ia32-msvc-1.2.138.tgz",
      "integrity": "sha512-evapKq/jVKMI5KDXUvpu3rhYf/L0VIg92TTphpxJSNjo7k5w9n68RY3MXtm1BmtCR4ZWtx0OEXzr9ckUDcqZDA==",
      "optional": true
    },
    "@swc/core-win32-x64-msvc": {
      "version": "1.2.138",
      "resolved": "https://registry.npmjs.org/@swc/core-win32-x64-msvc/-/core-win32-x64-msvc-1.2.138.tgz",
      "integrity": "sha512-wYrARtnPg/svsQd0oovbth2JAhOugAgbnaOS0CMiWB4vaFBx+1GHJl5wzdhh9jt1kzsu4xZ4237tUeMH+s6d0A==",
      "optional": true
    },
    "js-tokens": {
      "version": "4.0.0",
      "resolved": "https://registry.npmjs.org/js-tokens/-/js-tokens-4.0.0.tgz",
      "integrity": "sha512-RdJUflcE3cUzKiMqQgsCu06FPu9UdIJO0beYbPhHN4k6apgJtifcoCtT9bcxOpYBtpD2kCM6Sbzg4CausW/PKQ=="
    },
    "loose-envify": {
      "version": "1.4.0",
      "resolved": "https://registry.npmjs.org/loose-envify/-/loose-envify-1.4.0.tgz",
      "integrity": "sha512-lyuxPGr/Wfhrlem2CL/UcnUc1zcqKAImBDzukY7Y5F/yQiNdko6+fRLevlw1HgMySw7f611UIY408EtxRSoK3Q==",
      "requires": {
        "js-tokens": "^3.0.0 || ^4.0.0"
      }
    },
    "object-assign": {
      "version": "4.1.1",
      "resolved": "https://registry.npmjs.org/object-assign/-/object-assign-4.1.1.tgz",
      "integrity": "sha1-IQmtx5ZYh8/AXLvUQsrIv7s2CGM="
    },
    "react": {
      "version": "17.0.2",
      "resolved": "https://registry.npmjs.org/react/-/react-17.0.2.tgz",
      "integrity": "sha512-gnhPt75i/dq/z3/6q/0asP78D0u592D5L1pd7M8P+dck6Fu/jJeL6iVVK23fptSUZj8Vjf++7wXA8UNclGQcbA==",
      "requires": {
        "loose-envify": "^1.1.0",
        "object-assign": "^4.1.1"
      }
    },
    "react-dom": {
      "version": "17.0.2",
      "resolved": "https://registry.npmjs.org/react-dom/-/react-dom-17.0.2.tgz",
      "integrity": "sha512-s4h96KtLDUQlsENhMn1ar8t2bEa+q/YAtj8pPPdIjPDGBDIVNsrD9aXNWqspUe6AzKCIG0C1HZZLqLV7qpOBGA==",
      "requires": {
        "loose-envify": "^1.1.0",
        "object-assign": "^4.1.1",
        "scheduler": "^0.20.2"
      }
    },
    "scheduler": {
      "version": "0.20.2",
      "resolved": "https://registry.npmjs.org/scheduler/-/scheduler-0.20.2.tgz",
      "integrity": "sha512-2eWfGgAqqWFGqtdMmcL5zCMK1U8KlXv8SQFGglL3CEtd0aDVDWgeF/YoCmvln55m5zSk3J/20hTaSBeSObsQDQ==",
      "requires": {
        "loose-envify": "^1.1.0",
        "object-assign": "^4.1.1"
      }
    }
  }
}
